
Microsoft Visual Studio Solution File, Format Version 12.00
# Visual Studio Version 16
VisualStudioVersion = 16.0.30114.105
MinimumVisualStudioVersion = 10.0.40219.1
Project("{FAE04EC0-301F-11D3-BF4B-00C04F79EFBC}") = "Bugity.Api", "Bugity.Api\Bugity.Api.csproj", "{2C58A19C-6713-41FF-A6AD-73FAE75E0FCD}"
EndProject
Project("{FAE04EC0-301F-11D3-BF4B-00C04F79EFBC}") = "Bugity.Entities", "Bugity.Entities\Bugity.Entities.csproj", "{F1E68819-27EC-401C-A8E0-A68669E57559}"
EndProject
Global
	GlobalSection(SolutionConfigurationPlatforms) = preSolution
		Debug|Any CPU = Debug|Any CPU
		Release|Any CPU = Release|Any CPU
	EndGlobalSection
	GlobalSection(SolutionProperties) = preSolution
		HideSolutionNode = FALSE
	EndGlobalSection
	GlobalSection(ProjectConfigurationPlatforms) = postSolution
		{2C58A19C-6713-41FF-A6AD-73FAE75E0FCD}.Debug|Any CPU.ActiveCfg = Debug|Any CPU
		{2C58A19C-6713-41FF-A6AD-73FAE75E0FCD}.Debug|Any CPU.Build.0 = Debug|Any CPU
		{2C58A19C-6713-41FF-A6AD-73FAE75E0FCD}.Release|Any CPU.ActiveCfg = Release|Any CPU
		{2C58A19C-6713-41FF-A6AD-73FAE75E0FCD}.Release|Any CPU.Build.0 = Release|Any CPU
		{F1E68819-27EC-401C-A8E0-A68669E57559}.Debug|Any CPU.ActiveCfg = Debug|Any CPU
		{F1E68819-27EC-401C-A8E0-A68669E57559}.Debug|Any CPU.Build.0 = Debug|Any CPU
		{F1E68819-27EC-401C-A8E0-A68669E57559}.Release|Any CPU.ActiveCfg = Release|Any CPU
		{F1E68819-27EC-401C-A8E0-A68669E57559}.Release|Any CPU.Build.0 = Release|Any CPU
	EndGlobalSection
EndGlobal
